
Microsoft Visual Studio Solution File, Format Version 12.00
# Visual Studio 15
VisualStudioVersion = 15.0.26228.9
MinimumVisualStudioVersion = 10.0.40219.1
Project("{F184B08F-C81C-45F6-A57F-5ABD9991F28F}") = "Google Drive Uploader1", "Google Drive Uploader1\Google Drive Uploader1.vbproj", "{194F24F4-C236-435C-882C-9A7A1D238EAF}"
EndProject
Global
	GlobalSection(SolutionConfigurationPlatforms) = preSolution
		Debug|Any CPU = Debug|Any CPU
		Debug|x64 = Debug|x64
		Release|Any CPU = Release|Any CPU
		Release|x64 = Release|x64
	EndGlobalSection
	GlobalSection(ProjectConfigurationPlatforms) = postSolution
		{194F24F4-C236-435C-882C-9A7A1D238EAF}.Debug|Any CPU.ActiveCfg = Debug|Any CPU
		{194F24F4-C236-435C-882C-9A7A1D238EAF}.Debug|Any CPU.Build.0 = Debug|Any CPU
		{194F24F4-C236-435C-882C-9A7A1D238EAF}.Debug|x64.ActiveCfg = Debug|x64
		{194F24F4-C236-435C-882C-9A7A1D238EAF}.Debug|x64.Build.0 = Debug|x64
		{194F24F4-C236-435C-882C-9A7A1D238EAF}.Release|Any CPU.ActiveCfg = Release|Any CPU
		{194F24F4-C236-435C-882C-9A7A1D238EAF}.Release|Any CPU.Build.0 = Release|Any CPU
		{194F24F4-C236-435C-882C-9A7A1D238EAF}.Release|x64.ActiveCfg = Release|x64
		{194F24F4-C236-435C-882C-9A7A1D238EAF}.Release|x64.Build.0 = Release|x64
	EndGlobalSection
	GlobalSection(SolutionProperties) = preSolution
		HideSolutionNode = FALSE
	EndGlobalSection
	GlobalSection(ExtensibilityGlobals) = postSolution
		SolutionGuid = {53D56364-2D16-4E96-B8B7-2400AB7E7CF1}
	EndGlobalSection
EndGlobal
