
Microsoft Visual Studio Solution File, Format Version 12.00
# Visual Studio 15
VisualStudioVersion = 15.0.26228.9
MinimumVisualStudioVersion = 10.0.40219.1
Project("{F184B08F-C81C-45F6-A57F-5ABD9991F28F}") = "Google Drive Uploader1", "Google Drive Uploader1\Google Drive Uploader1.vbproj", "{194F24F4-C236-435C-882C-9A7A1D238EAF}"
EndProject
Global
	GlobalSection(SolutionConfigurationPlatforms) = preSolution
		Debug|Any CPU = Debug|Any CPU
		Release|Any CPU = Release|Any CPU
	EndGlobalSection
	GlobalSection(ProjectConfigurationPlatforms) = postSolution
		{194F24F4-C236-435C-882C-9A7A1D238EAF}.Debug|Any CPU.ActiveCfg = Debug|Any CPU
		{194F24F4-C236-435C-882C-9A7A1D238EAF}.Debug|Any CPU.Build.0 = Debug|Any CPU
		{194F24F4-C236-435C-882C-9A7A1D238EAF}.Release|Any CPU.ActiveCfg = Release|Any CPU
		{194F24F4-C236-435C-882C-9A7A1D238EAF}.Release|Any CPU.Build.0 = Release|Any CPU
	EndGlobalSection
	GlobalSection(SolutionProperties) = preSolution
		HideSolutionNode = FALSE
	EndGlobalSection
EndGlobal
